
Microsoft Visual Studio Solution File, Format Version 12.00
# Visual Studio Version 16
VisualStudioVersion = 16.0.30503.244
MinimumVisualStudioVersion = 10.0.40219.1
Project("{FAE04EC0-301F-11D3-BF4B-00C04F79EFBC}") = "hr管理系统", "hr管理系统\hr管理系统.csproj", "{0BB3CFD1-6B6A-4E83-9406-2D34A0C55974}"
EndProject
Global
	GlobalSection(SolutionConfigurationPlatforms) = preSolution
		Debug|Any CPU = Debug|Any CPU
		Release|Any CPU = Release|Any CPU
	EndGlobalSection
	GlobalSection(ProjectConfigurationPlatforms) = postSolution
		{0BB3CFD1-6B6A-4E83-9406-2D34A0C55974}.Debug|Any CPU.ActiveCfg = Debug|Any CPU
		{0BB3CFD1-6B6A-4E83-9406-2D34A0C55974}.Debug|Any CPU.Build.0 = Debug|Any CPU
		{0BB3CFD1-6B6A-4E83-9406-2D34A0C55974}.Release|Any CPU.ActiveCfg = Release|Any CPU
		{0BB3CFD1-6B6A-4E83-9406-2D34A0C55974}.Release|Any CPU.Build.0 = Release|Any CPU
	EndGlobalSection
	GlobalSection(SolutionProperties) = preSolution
		HideSolutionNode = FALSE
	EndGlobalSection
	GlobalSection(ExtensibilityGlobals) = postSolution
		SolutionGuid = {F415567F-F56F-40B7-8ACB-CE4CF48C447E}
	EndGlobalSection
EndGlobal
